{
  "R": {
    "Version": "4.2.1",
    "Repositories": [
      {
        "Name": "CRAN",
        "URL": "https://cran.rstudio.com"
      }
    ]
  },
  "Packages": {
    "BH": {
      "Package": "BH",
      "Version": "1.78.0-0",
      "Source": "Repository",
      "Repository": "CRAN",
      "Hash": "4e348572ffcaa2fb1e610e7a941f6f3a",
      "Requirements": []
    }
  }
}
